PODS:
  - IGColorPicker (0.4.3):
    - M13Checkbox (~> 3.3.2)
  - M13Checkbox (3.3.2)

DEPENDENCIES:
  - IGColorPicker (from `../`)

SPEC REPOS:
  https://github.com/cocoapods/specs.git:
    - M13Checkbox

EXTERNAL SOURCES:
  IGColorPicker:
    :path: "../"

SPEC CHECKSUMS:
  IGColorPicker: 45c70dba15786f10387f5d3da65393dd1ca705c3
  M13Checkbox: d75dca81d61c9903e7f091f32b35a3254bc97dce

PODFILE CHECKSUM: 4ebb9ec0d26d8739b0c18dc9faaa5462d18e8245

COCOAPODS: 1.6.0
